// !$*UTF8*$!
{
	archiveVersion = 1;
	classes = {
	};
	objectVersion = 50;
	objects = {

/* Begin PBXBuildFile section */
		FD4DB34126979E4000C5E389 /* AppDelegate.swift in Sources */ = {isa = PBXBuildFile; fileRef = FD4DB34026979E4000C5E389 /* AppDelegate.swift */; };
		FD4DB34326979E4000C5E389 /* SceneDelegate.swift in Sources */ = {isa = PBXBuildFile; fileRef = FD4DB34226979E4000C5E389 /* SceneDelegate.swift */; };
		FD4DB34526979E4000C5E389 /* ViewController.swift in Sources */ = {isa = PBXBuildFile; fileRef = FD4DB34426979E4000C5E389 /* ViewController.swift */; };
		FD4DB34826979E4000C5E389 /* Main.storyboard in Resources */ = {isa = PBXBuildFile; fileRef = FD4DB34626979E4000C5E389 /* Main.storyboard */; };
		FD4DB34A26979E4000C5E389 /* Assets.xcassets in Resources */ = {isa = PBXBuildFile; fileRef = FD4DB34926979E4000C5E389 /* Assets.xcassets */; };
		FD4DB34D26979E4000C5E389 /* LaunchScreen.storyboard in Resources */ = {isa = PBXBuildFile; fileRef = FD4DB34B26979E4000C5E389 /* LaunchScreen.storyboard */; };
		FD4DB35526979F4400C5E389 /* imagePicker.swift in Sources */ = {isa = PBXBuildFile; fileRef = FD4DB35426979F4400C5E389 /* imagePicker.swift */; };
		FD4DB3582697B4A100C5E389 /* Editor.storyboard in Resources */ = {isa = PBXBuildFile; fileRef = FD4DB3572697B4A100C5E389 /* Editor.storyboard */; };
		FD4DB35A2697B4DB00C5E389 /* EditorViewController.swift in Sources */ = {isa = PBXBuildFile; fileRef = FD4DB3592697B4DB00C5E389 /* EditorViewController.swift */; };
		FD55BAB42698929B00239AC8 /* UIColor.swift in Sources */ = {isa = PBXBuildFile; fileRef = FD55BAB32698929B00239AC8 /* UIColor.swift */; };
/* End PBXBuildFile section */

/* Begin PBXFileReference section */
		FD4DB33D26979E4000C5E389 /* vsco.app */ = {isa = PBXFileReference; explicitFileType = wrapper.application; includeInIndex = 0; path = vsco.app; sourceTree = BUILT_PRODUCTS_DIR; };
		FD4DB34026979E4000C5E389 /* AppDelegate.swift */ = {isa = PBXFileReference; lastKnownFileType = sourcecode.swift; path = AppDelegate.swift; sourceTree = "<group>"; };
		FD4DB34226979E4000C5E389 /* SceneDelegate.swift */ = {isa = PBXFileReference; lastKnownFileType = sourcecode.swift; path = SceneDelegate.swift; sourceTree = "<group>"; };
		FD4DB34426979E4000C5E389 /* ViewController.swift */ = {isa = PBXFileReference; lastKnownFileType = sourcecode.swift; path = ViewController.swift; sourceTree = "<group>"; };
		FD4DB34726979E4000C5E389 /* Base */ = {isa = PBXFileReference; lastKnownFileType = file.storyboard; name = Base; path = Base.lproj/Main.storyboard; sourceTree = "<group>"; };
		FD4DB34926979E4000C5E389 /* Assets.xcassets */ = {isa = PBXFileReference; lastKnownFileType = folder.assetcatalog; path = Assets.xcassets; sourceTree = "<group>"; };
		FD4DB34C26979E4000C5E389 /* Base */ = {isa = PBXFileReference; lastKnownFileType = file.storyboard; name = Base; path = Base.lproj/LaunchScreen.storyboard; sourceTree = "<group>"; };
		FD4DB34E26979E4000C5E389 /* Info.plist */ = {isa = PBXFileReference; lastKnownFileType = text.plist.xml; path = Info.plist; sourceTree = "<group>"; };
		FD4DB35426979F4400C5E389 /* imagePicker.swift */ = {isa = PBXFileReference; lastKnownFileType = sourcecode.swift; path = imagePicker.swift; sourceTree = "<group>"; };
		FD4DB3572697B4A100C5E389 /* Editor.storyboard */ = {isa = PBXFileReference; lastKnownFileType = file.storyboard; path = Editor.storyboard; sourceTree = "<group>"; };
		FD4DB3592697B4DB00C5E389 /* EditorViewController.swift */ = {isa = PBXFileReference; lastKnownFileType = sourcecode.swift; path = EditorViewController.swift; sourceTree = "<group>"; };
		FD55BAB32698929B00239AC8 /* UIColor.swift */ = {isa = PBXFileReference; lastKnownFileType = sourcecode.swift; path = UIColor.swift; sourceTree = "<group>"; };
/* End PBXFileReference section */

/* Begin PBXFrameworksBuildPhase section */
		FD4DB33A26979E4000C5E389 /* Frameworks */ = {
			isa = PBXFrameworksBuildPhase;
			buildActionMask = 2147483647;
			files = (
			);
			runOnlyForDeploymentPostprocessing = 0;
		};
/* End PBXFrameworksBuildPhase section */

/* Begin PBXGroup section */
		FD4DB33426979E4000C5E389 = {
			isa = PBXGroup;
			children = (
				FD4DB33F26979E4000C5E389 /* vsco */,
				FD4DB33E26979E4000C5E389 /* Products */,
			);
			sourceTree = "<group>";
		};
		FD4DB33E26979E4000C5E389 /* Products */ = {
			isa = PBXGroup;
			children = (
				FD4DB33D26979E4000C5E389 /* vsco.app */,
			);
			name = Products;
			sourceTree = "<group>";
		};
		FD4DB33F26979E4000C5E389 /* vsco */ = {
			isa = PBXGroup;
			children = (
				FD4DB3562697B47900C5E389 /* Editor */,
				FD4DB34026979E4000C5E389 /* AppDelegate.swift */,
				FD4DB34226979E4000C5E389 /* SceneDelegate.swift */,
				FD4DB34426979E4000C5E389 /* ViewController.swift */,
				FD4DB34626979E4000C5E389 /* Main.storyboard */,
				FD4DB34926979E4000C5E389 /* Assets.xcassets */,
				FD4DB34B26979E4000C5E389 /* LaunchScreen.storyboard */,
				FD4DB34E26979E4000C5E389 /* Info.plist */,
				FD55BAB32698929B00239AC8 /* UIColor.swift */,
				FD4DB35426979F4400C5E389 /* imagePicker.swift */,
			);
			path = vsco;
			sourceTree = "<group>";
		};
		FD4DB3562697B47900C5E389 /* Editor */ = {
			isa = PBXGroup;
			children = (
				FD4DB3572697B4A100C5E389 /* Editor.storyboard */,
				FD4DB3592697B4DB00C5E389 /* EditorViewController.swift */,
			);
			path = Editor;
			sourceTree = "<group>";
		};
/* End PBXGroup section */

/* Begin PBXNativeTarget section */
		FD4DB33C26979E4000C5E389 /* vsco */ = {
			isa = PBXNativeTarget;
			buildConfigurationList = FD4DB35126979E4000C5E389 /* Build configuration list for PBXNativeTarget "vsco" */;
			buildPhases = (
				FD4DB33926979E4000C5E389 /* Sources */,
				FD4DB33A26979E4000C5E389 /* Frameworks */,
				FD4DB33B26979E4000C5E389 /* Resources */,
			);
			buildRules = (
			);
			dependencies = (
			);
			name = vsco;
			productName = vsco;
			productReference = FD4DB33D26979E4000C5E389 /* vsco.app */;
			productType = "com.apple.product-type.application";
		};
/* End PBXNativeTarget section */

/* Begin PBXProject section */
		FD4DB33526979E4000C5E389 /* Project object */ = {
			isa = PBXProject;
			attributes = {
				LastSwiftUpdateCheck = 1250;
				LastUpgradeCheck = 1250;
				TargetAttributes = {
					FD4DB33C26979E4000C5E389 = {
						CreatedOnToolsVersion = 12.5.1;
					};
				};
			};
			buildConfigurationList = FD4DB33826979E4000C5E389 /* Build configuration list for PBXProject "vsco" */;
			compatibilityVersion = "Xcode 9.3";
			developmentRegion = en;
			hasScannedForEncodings = 0;
			knownRegions = (
				en,
				Base,
			);
			mainGroup = FD4DB33426979E4000C5E389;
			productRefGroup = FD4DB33E26979E4000C5E389 /* Products */;
			projectDirPath = "";
			projectRoot = "";
			targets = (
				FD4DB33C26979E4000C5E389 /* vsco */,
			);
		};
/* End PBXProject section */

/* Begin PBXResourcesBuildPhase section */
		FD4DB33B26979E4000C5E389 /* Resources */ = {
			isa = PBXResourcesBuildPhase;
			buildActionMask = 2147483647;
			files = (
				FD4DB34D26979E4000C5E389 /* LaunchScreen.storyboard in Resources */,
				FD4DB34A26979E4000C5E389 /* Assets.xcassets in Resources */,
				FD4DB34826979E4000C5E389 /* Main.storyboard in Resources */,
				FD4DB3582697B4A100C5E389 /* Editor.storyboard in Resources */,
			);
			runOnlyForDeploymentPostprocessing = 0;
		};
/* End PBXResourcesBuildPhase section */

/* Begin PBXSourcesBuildPhase section */
		FD4DB33926979E4000C5E389 /* Sources */ = {
			isa = PBXSourcesBuildPhase;
			buildActionMask = 2147483647;
			files = (
				FD4DB34526979E4000C5E389 /* ViewController.swift in Sources */,
				FD4DB35526979F4400C5E389 /* imagePicker.swift in Sources */,
				FD4DB34126979E4000C5E389 /* AppDelegate.swift in Sources */,
				FD4DB35A2697B4DB00C5E389 /* EditorViewController.swift in Sources */,
				FD55BAB42698929B00239AC8 /* UIColor.swift in Sources */,
				FD4DB34326979E4000C5E389 /* SceneDelegate.swift in Sources */,
			);
			runOnlyForDeploymentPostprocessing = 0;
		};
/* End PBXSourcesBuildPhase section */

/* Begin PBXVariantGroup section */
		FD4DB34626979E4000C5E389 /* Main.storyboard */ = {
			isa = PBXVariantGroup;
			children = (
				FD4DB34726979E4000C5E389 /* Base */,
			);
			name = Main.storyboard;
			sourceTree = "<group>";
		};
		FD4DB34B26979E4000C5E389 /* LaunchScreen.storyboard */ = {
			isa = PBXVariantGroup;
			children = (
				FD4DB34C26979E4000C5E389 /* Base */,
			);
			name = LaunchScreen.storyboard;
			sourceTree = "<group>";
		};
/* End PBXVariantGroup section */

/* Begin XCBuildConfiguration section */
		FD4DB34F26979E4000C5E389 /* Debug */ = {
			isa = XCBuildConfiguration;
			buildSettings = {
				ALWAYS_SEARCH_USER_PATHS = NO;
				CLANG_ANALYZER_NONNULL = YES;
				CLANG_ANALYZER_NUMBER_OBJECT_CONVERSION = YES_AGGRESSIVE;
				CLANG_CXX_LANGUAGE_STANDARD = "gnu++14";
				CLANG_CXX_LIBRARY = "libc++";
				CLANG_ENABLE_MODULES = YES;
				CLANG_ENABLE_OBJC_ARC = YES;
				CLANG_ENABLE_OBJC_WEAK = YES;
				CLANG_WARN_BLOCK_CAPTURE_AUTORELEASING = YES;
				CLANG_WARN_BOOL_CONVERSION = YES;
				CLANG_WARN_COMMA = YES;
				CLANG_WARN_CONSTANT_CONVERSION = YES;
				CLANG_WARN_DEPRECATED_OBJC_IMPLEMENTATIONS = YES;
				CLANG_WARN_DIRECT_OBJC_ISA_USAGE = YES_ERROR;
				CLANG_WARN_DOCUMENTATION_COMMENTS = YES;
				CLANG_WARN_EMPTY_BODY = YES;
				CLANG_WARN_ENUM_CONVERSION = YES;
				CLANG_WARN_INFINITE_RECURSION = YES;
				CLANG_WARN_INT_CONVERSION = YES;
				CLANG_WARN_NON_LITERAL_NULL_CONVERSION = YES;
				CLANG_WARN_OBJC_IMPLICIT_RETAIN_SELF = YES;
				CLANG_WARN_OBJC_LITERAL_CONVERSION = YES;
				CLANG_WARN_OBJC_ROOT_CLASS = YES_ERROR;
				CLANG_WARN_QUOTED_INCLUDE_IN_FRAMEWORK_HEADER = YES;
				CLANG_WARN_RANGE_LOOP_ANALYSIS = YES;
				CLANG_WARN_STRICT_PROTOTYPES = YES;
				CLANG_WARN_SUSPICIOUS_MOVE = YES;
				CLANG_WARN_UNGUARDED_AVAILABILITY = YES_AGGRESSIVE;
				CLANG_WARN_UNREACHABLE_CODE = YES;
				CLANG_WARN__DUPLICATE_METHOD_MATCH = YES;
				COPY_PHASE_STRIP = NO;
				DEBUG_INFORMATION_FORMAT = dwarf;
				ENABLE_STRICT_OBJC_MSGSEND = YES;
				ENABLE_TESTABILITY = YES;
				GCC_C_LANGUAGE_STANDARD = gnu11;
				GCC_DYNAMIC_NO_PIC = NO;
				GCC_NO_COMMON_BLOCKS = YES;
				GCC_OPTIMIZATION_LEVEL = 0;
				GCC_PREPROCESSOR_DEFINITIONS = (
					"DEBUG=1",
					"$(inherited)",
				);
				GCC_WARN_64_TO_32_BIT_CONVERSION = YES;
				GCC_WARN_ABOUT_RETURN_TYPE = YES_ERROR;
				GCC_WARN_UNDECLARED_SELECTOR = YES;
				GCC_WARN_UNINITIALIZED_AUTOS = YES_AGGRESSIVE;
				GCC_WARN_UNUSED_FUNCTION = YES;
				GCC_WARN_UNUSED_VARIABLE = YES;
				IPHONEOS_DEPLOYMENT_TARGET = 14.5;
				MTL_ENABLE_DEBUG_INFO = INCLUDE_SOURCE;
				MTL_FAST_MATH = YES;
				ONLY_ACTIVE_ARCH = YES;
				SDKROOT = iphoneos;
				SWIFT_ACTIVE_COMPILATION_CONDITIONS = DEBUG;
				SWIFT_OPTIMIZATION_LEVEL = "-Onone";
			};
			name = Debug;
		};
		FD4DB35026979E4000C5E389 /* Release */ = {
			isa = XCBuildConfiguration;
			buildSettings = {
				ALWAYS_SEARCH_USER_PATHS = NO;
				CLANG_ANALYZER_NONNULL = YES;
				CLANG_ANALYZER_NUMBER_OBJECT_CONVERSION = YES_AGGRESSIVE;
				CLANG_CXX_LANGUAGE_STANDARD = "gnu++14";
				CLANG_CXX_LIBRARY = "libc++";
				CLANG_ENABLE_MODULES = YES;
				CLANG_ENABLE_OBJC_ARC = YES;
				CLANG_ENABLE_OBJC_WEAK = YES;
				CLANG_WARN_BLOCK_CAPTURE_AUTORELEASING = YES;
				CLANG_WARN_BOOL_CONVERSION = YES;
				CLANG_WARN_COMMA = YES;
				CLANG_WARN_CONSTANT_CONVERSION = YES;
				CLANG_WARN_DEPRECATED_OBJC_IMPLEMENTATIONS = YES;
				CLANG_WARN_DIRECT_OBJC_ISA_USAGE = YES_ERROR;
				CLANG_WARN_DOCUMENTATION_COMMENTS = YES;
				CLANG_WARN_EMPTY_BODY = YES;
				CLANG_WARN_ENUM_CONVERSION = YES;
				CLANG_WARN_INFINITE_RECURSION = YES;
				CLANG_WARN_INT_CONVERSION = YES;
				CLANG_WARN_NON_LITERAL_NULL_CONVERSION = YES;
				CLANG_WARN_OBJC_IMPLICIT_RETAIN_SELF = YES;
				CLANG_WARN_OBJC_LITERAL_CONVERSION = YES;
				CLANG_WARN_OBJC_ROOT_CLASS = YES_ERROR;
				CLANG_WARN_QUOTED_INCLUDE_IN_FRAMEWORK_HEADER = YES;
				CLANG_WARN_RANGE_LOOP_ANALYSIS = YES;
				CLANG_WARN_STRICT_PROTOTYPES = YES;
				CLANG_WARN_SUSPICIOUS_MOVE = YES;
				CLANG_WARN_UNGUARDED_AVAILABILITY = YES_AGGRESSIVE;
				CLANG_WARN_UNREACHABLE_CODE = YES;
				CLANG_WARN__DUPLICATE_METHOD_MATCH = YES;
				COPY_PHASE_STRIP = NO;
				DEBUG_INFORMATION_FORMAT = "dwarf-with-dsym";
				ENABLE_NS_ASSERTIONS = NO;
				ENABLE_STRICT_OBJC_MSGSEND = YES;
				GCC_C_LANGUAGE_STANDARD = gnu11;
				GCC_NO_COMMON_BLOCKS = YES;
				GCC_WARN_64_TO_32_BIT_CONVERSION = YES;
				GCC_WARN_ABOUT_RETURN_TYPE = YES_ERROR;
				GCC_WARN_UNDECLARED_SELECTOR = YES;
				GCC_WARN_UNINITIALIZED_AUTOS = YES_AGGRESSIVE;
				GCC_WARN_UNUSED_FUNCTION = YES;
				GCC_WARN_UNUSED_VARIABLE = YES;
				IPHONEOS_DEPLOYMENT_TARGET = 14.5;
				MTL_ENABLE_DEBUG_INFO = NO;
				MTL_FAST_MATH = YES;
				SDKROOT = iphoneos;
				SWIFT_COMPILATION_MODE = wholemodule;
				SWIFT_OPTIMIZATION_LEVEL = "-O";
				VALIDATE_PRODUCT = YES;
			};
			name = Release;
		};
		FD4DB35226979E4000C5E389 /* Debug */ = {
			isa = XCBuildConfiguration;
			buildSettings = {
				ASSETCATALOG_COMPILER_APPICON_NAME = AppIcon;
				ASSETCATALOG_COMPILER_GLOBAL_ACCENT_COLOR_NAME = AccentColor;
				CODE_SIGN_STYLE = Automatic;
				INFOPLIST_FILE = vsco/Info.plist;
				LD_RUNPATH_SEARCH_PATHS = (
					"$(inherited)",
					"@executable_path/Frameworks",
				);
				PRODUCT_BUNDLE_IDENTIFIER = stepan.vsco;
				PRODUCT_NAME = "$(TARGET_NAME)";
				SWIFT_VERSION = 5.0;
				TARGETED_DEVICE_FAMILY = "1,2";
			};
			name = Debug;
		};
		FD4DB35326979E4000C5E389 /* Release */ = {
			isa = XCBuildConfiguration;
			buildSettings = {
				ASSETCATALOG_COMPILER_APPICON_NAME = AppIcon;
				ASSETCATALOG_COMPILER_GLOBAL_ACCENT_COLOR_NAME = AccentColor;
				CODE_SIGN_STYLE = Automatic;
				INFOPLIST_FILE = vsco/Info.plist;
				LD_RUNPATH_SEARCH_PATHS = (
					"$(inherited)",
					"@executable_path/Frameworks",
				);
				PRODUCT_BUNDLE_IDENTIFIER = stepan.vsco;
				PRODUCT_NAME = "$(TARGET_NAME)";
				SWIFT_VERSION = 5.0;
				TARGETED_DEVICE_FAMILY = "1,2";
			};
			name = Release;
		};
/* End XCBuildConfiguration section */

/* Begin XCConfigurationList section */
		FD4DB33826979E4000C5E389 /* Build configuration list for PBXProject "vsco" */ = {
			isa = XCConfigurationList;
			buildConfigurations = (
				FD4DB34F26979E4000C5E389 /* Debug */,
				FD4DB35026979E4000C5E389 /* Release */,
			);
			defaultConfigurationIsVisible = 0;
			defaultConfigurationName = Release;
		};
		FD4DB35126979E4000C5E389 /* Build configuration list for PBXNativeTarget "vsco" */ = {
			isa = XCConfigurationList;
			buildConfigurations = (
				FD4DB35226979E4000C5E389 /* Debug */,
				FD4DB35326979E4000C5E389 /* Release */,
			);
			defaultConfigurationIsVisible = 0;
			defaultConfigurationName = Release;
		};
/* End XCConfigurationList section */
	};
	rootObject = FD4DB33526979E4000C5E389 /* Project object */;
}
